<?xml version="1.0" encoding="utf-8"?>
<Project ToolsVersion="4.0" xmlns="http://schemas.microsoft.com/developer/msbuild/2003">
  <ItemGroup>
    <Filter Include="Source Files">
      <UniqueIdentifier>{4FC737F1-C7A5-4376-A066-2A32D752A2FF}</UniqueIdentifier>
      <Extensions>cpp;c;cc;cxx;def;odl;idl;hpj;bat;asm;asmx</Extensions>
    </Filter>
    <Filter Include="Header Files">
      <UniqueIdentifier>{93995380-89BD-4b04-88EB-625FBE52EBFB}</UniqueIdentifier>
      <Extensions>h;hh;hpp;hxx;hm;inl;inc;xsd</Extensions>
    </Filter>
    <Filter Include="Resource Files">
      <UniqueIdentifier>{D9D6E242-F8AF-46E4-B9FD-80ECBC20BA3E}</UniqueIdentifier>
      <Extensions>qrc;*</Extensions>
      <ParseFiles>false</ParseFiles>
    </Filter>
    <Filter Include="Form Files">
      <UniqueIdentifier>{99349809-55BA-4b9d-BF79-8FDBB0286EB3}</UniqueIdentifier>
      <Extensions>ui</Extensions>
    </Filter>
    <Filter Include="Resource Files">
      <UniqueIdentifier>{D9D6E242-F8AF-46E4-B9FD-80ECBC20BA3E}</UniqueIdentifier>
      <Extensions>qrc;*</Extensions>
      <ParseFiles>false</ParseFiles>
    </Filter>
    <Filter Include="Generated Files">
      <UniqueIdentifier>{71ED8ED8-ACB9-4CE9-BBE1-E00B30144E11}</UniqueIdentifier>
      <Extensions>moc;h;cpp</Extensions>
      <SourceControlFiles>False</SourceControlFiles>
    </Filter>
    <Filter Include="Source Files\bfm_utils">
      <UniqueIdentifier>{9b057d09-802b-46f7-a10f-459442a4343e}</UniqueIdentifier>
    </Filter>
    <Filter Include="Header Files\bfm_utils">
      <UniqueIdentifier>{3b2f48ab-e426-4a03-8770-59e185a22d09}</UniqueIdentifier>
    </Filter>
    <Filter Include="Resource Files\data">
      <UniqueIdentifier>{c4288149-f1a2-4e1c-a7bc-c76f3ddcec08}</UniqueIdentifier>
    </Filter>
  </ItemGroup>
  <ItemGroup>
    <ClCompile Include="main.cpp">
      <Filter>Source Files</Filter>
    </ClCompile>
    <ClCompile Include="MainWindow.cpp">
      <Filter>Source Files</Filter>
    </ClCompile>
    <ClCompile Include="MyDialog.cpp">
      <Filter>Source Files</Filter>
    </ClCompile>
    <ClCompile Include="OpenGLWidget.cpp">
      <Filter>Source Files</Filter>
    </ClCompile>
    <ClCompile Include="bfm.cpp">
      <Filter>Source Files\bfm_utils</Filter>
    </ClCompile>
    <ClCompile Include="data.cpp">
      <Filter>Source Files\bfm_utils</Filter>
    </ClCompile>
    <ClCompile Include="random.cpp">
      <Filter>Source Files\bfm_utils</Filter>
    </ClCompile>
  </ItemGroup>
  <ItemGroup>
    <QtMoc Include="MainWindow.h">
      <Filter>Header Files</Filter>
    </QtMoc>
    <QtMoc Include="MyDialog.h">
      <Filter>Header Files</Filter>
    </QtMoc>
    <QtMoc Include="OpenGLWidget.h">
      <Filter>Header Files</Filter>
    </QtMoc>
  </ItemGroup>
  <ItemGroup>
    <QtUic Include="MainWindow.ui">
      <Filter>Form Files</Filter>
    </QtUic>
    <QtUic Include="MyDialog.ui">
      <Filter>Form Files</Filter>
    </QtUic>
  </ItemGroup>
  <ItemGroup>
    <QtRcc Include="MainWindow.qrc">
      <Filter>Resource Files</Filter>
    </QtRcc>
  </ItemGroup>
  <ItemGroup>
    <ClInclude Include="bfm.h">
      <Filter>Header Files\bfm_utils</Filter>
    </ClInclude>
    <ClInclude Include="constant.h">
      <Filter>Header Files\bfm_utils</Filter>
    </ClInclude>
    <ClInclude Include="data.h">
      <Filter>Header Files\bfm_utils</Filter>
    </ClInclude>
    <ClInclude Include="random.h">
      <Filter>Header Files\bfm_utils</Filter>
    </ClInclude>
    <ClInclude Include="vec3.h">
      <Filter>Header Files\bfm_utils</Filter>
    </ClInclude>
  </ItemGroup>
  <ItemGroup>
    <Image Include="Resources\bfm_tool.ico">
      <Filter>Resource Files</Filter>
    </Image>
  </ItemGroup>
  <ItemGroup>
    <ResourceCompile Include="bfm_tool.rc">
      <Filter>Resource Files</Filter>
    </ResourceCompile>
  </ItemGroup>
  <ItemGroup>
    <None Include="data\tl.bin">
      <Filter>Resource Files\data</Filter>
    </None>
    <None Include="data\texPC.bin">
      <Filter>Resource Files\data</Filter>
    </None>
    <None Include="data\texMU.bin">
      <Filter>Resource Files\data</Filter>
    </None>
    <None Include="data\texEV.bin">
      <Filter>Resource Files\data</Filter>
    </None>
    <None Include="data\shapePC.bin">
      <Filter>Resource Files\data</Filter>
    </None>
    <None Include="data\shapeMU.bin">
      <Filter>Resource Files\data</Filter>
    </None>
    <None Include="data\shapeEV.bin">
      <Filter>Resource Files\data</Filter>
    </None>
  </ItemGroup>
</Project>